
Microsoft Visual Studio Solution File, Format Version 12.00
# Visual Studio Version 17
VisualStudioVersion = 17.6.33815.320
MinimumVisualStudioVersion = 10.0.40219.1
Project("{FAE04EC0-301F-11D3-BF4B-00C04F79EFBC}") = "WebApp", "WebApp\WebApp.csproj", "{63D2F351-C3FE-404C-995F-949323342999}"
EndProject
Global
	GlobalSection(SolutionConfigurationPlatforms) = preSolution
		Debug|Any CPU = Debug|Any CPU
		Release|Any CPU = Release|Any CPU
	EndGlobalSection
	GlobalSection(ProjectConfigurationPlatforms) = postSolution
		{63D2F351-C3FE-404C-995F-949323342999}.Debug|Any CPU.ActiveCfg = Debug|Any CPU
		{63D2F351-C3FE-404C-995F-949323342999}.Debug|Any CPU.Build.0 = Debug|Any CPU
		{63D2F351-C3FE-404C-995F-949323342999}.Release|Any CPU.ActiveCfg = Release|Any CPU
		{63D2F351-C3FE-404C-995F-949323342999}.Release|Any CPU.Build.0 = Release|Any CPU
	EndGlobalSection
	GlobalSection(SolutionProperties) = preSolution
		HideSolutionNode = FALSE
	EndGlobalSection
	GlobalSection(ExtensibilityGlobals) = postSolution
		SolutionGuid = {7322ADB3-A75B-496F-83C3-84358B93EFEA}
	EndGlobalSection
EndGlobal
